
Microsoft Visual Studio Solution File, Format Version 11.00
# Visual Studio 2010
Project("{FAE04EC0-301F-11D3-BF4B-00C04F79EFBC}") = "Oculus.Platform", "Oculus.Platform.csproj", "{ff61c76d-f782-c39e-2736-40bf971ac879}"
EndProject
Project("{FAE04EC0-301F-11D3-BF4B-00C04F79EFBC}") = "Assembly-CSharp", "Assembly-CSharp.csproj", "{a6c5e38d-7f8d-b53d-ce88-011936c64743}"
EndProject
Project("{FAE04EC0-301F-11D3-BF4B-00C04F79EFBC}") = "Oculus.VR", "Oculus.VR.csproj", "{644c8579-5fa0-2544-3e67-fb34242091e9}"
EndProject
Project("{FAE04EC0-301F-11D3-BF4B-00C04F79EFBC}") = "Oculus.Platform.Editor", "Oculus.Platform.Editor.csproj", "{24d6cfef-d286-d269-c240-1d938970d7c1}"
EndProject
Project("{FAE04EC0-301F-11D3-BF4B-00C04F79EFBC}") = "Oculus.VR.Scripts.Editor", "Oculus.VR.Scripts.Editor.csproj", "{3ea06e69-e6a8-3e06-558a-c2adbb30c9a8}"
EndProject
Project("{FAE04EC0-301F-11D3-BF4B-00C04F79EFBC}") = "Oculus.VR.Editor", "Oculus.VR.Editor.csproj", "{806ea2eb-6804-d00e-940c-71dba418b6c2}"
EndProject
Global
	GlobalSection(SolutionConfigurationPlatforms) = preSolution
		Debug|Any CPU = Debug|Any CPU
	EndGlobalSection
	GlobalSection(ProjectConfigurationPlatforms) = postSolution
		{ff61c76d-f782-c39e-2736-40bf971ac879}.Debug|Any CPU.ActiveCfg = Debug|Any CPU
		{ff61c76d-f782-c39e-2736-40bf971ac879}.Debug|Any CPU.Build.0 = Debug|Any CPU
		{a6c5e38d-7f8d-b53d-ce88-011936c64743}.Debug|Any CPU.ActiveCfg = Debug|Any CPU
		{a6c5e38d-7f8d-b53d-ce88-011936c64743}.Debug|Any CPU.Build.0 = Debug|Any CPU
		{644c8579-5fa0-2544-3e67-fb34242091e9}.Debug|Any CPU.ActiveCfg = Debug|Any CPU
		{644c8579-5fa0-2544-3e67-fb34242091e9}.Debug|Any CPU.Build.0 = Debug|Any CPU
		{24d6cfef-d286-d269-c240-1d938970d7c1}.Debug|Any CPU.ActiveCfg = Debug|Any CPU
		{24d6cfef-d286-d269-c240-1d938970d7c1}.Debug|Any CPU.Build.0 = Debug|Any CPU
		{3ea06e69-e6a8-3e06-558a-c2adbb30c9a8}.Debug|Any CPU.ActiveCfg = Debug|Any CPU
		{3ea06e69-e6a8-3e06-558a-c2adbb30c9a8}.Debug|Any CPU.Build.0 = Debug|Any CPU
		{806ea2eb-6804-d00e-940c-71dba418b6c2}.Debug|Any CPU.ActiveCfg = Debug|Any CPU
		{806ea2eb-6804-d00e-940c-71dba418b6c2}.Debug|Any CPU.Build.0 = Debug|Any CPU
	EndGlobalSection
	GlobalSection(SolutionProperties) = preSolution
		HideSolutionNode = FALSE
	EndGlobalSection
EndGlobal
